
Microsoft Visual Studio Solution File, Format Version 12.00
# Visual Studio Version 17
VisualStudioVersion = 17.5.002.0
MinimumVisualStudioVersion = 10.0.40219.1
Project("{9A19103F-16F7-4668-BE54-9A1E7A4F7556}") = "Customers", "Customers.csproj", "{8089167E-C00E-4DA4-BB81-48875A253743}"
EndProject
Global
	GlobalSection(SolutionConfigurationPlatforms) = preSolution
		Debug|Any CPU = Debug|Any CPU
		Release|Any CPU = Release|Any CPU
	EndGlobalSection
	GlobalSection(ProjectConfigurationPlatforms) = postSolution
		{8089167E-C00E-4DA4-BB81-48875A253743}.Debug|Any CPU.ActiveCfg = Debug|Any CPU
		{8089167E-C00E-4DA4-BB81-48875A253743}.Debug|Any CPU.Build.0 = Debug|Any CPU
		{8089167E-C00E-4DA4-BB81-48875A253743}.Release|Any CPU.ActiveCfg = Release|Any CPU
		{8089167E-C00E-4DA4-BB81-48875A253743}.Release|Any CPU.Build.0 = Release|Any CPU
	EndGlobalSection
	GlobalSection(SolutionProperties) = preSolution
		HideSolutionNode = FALSE
	EndGlobalSection
	GlobalSection(ExtensibilityGlobals) = postSolution
		SolutionGuid = {7CD123A1-3BE3-4887-BF2A-82D337AE5125}
	EndGlobalSection
EndGlobal
